// !$*UTF8*$!
{
	archiveVersion = 1;
	classes = {
	};
	objectVersion = 56;
	objects = {

/* Begin PBXBuildFile section */
		6E9E2EFE2C662A8C00CE1D12 /* SwiftUIStackViewApp.swift in Sources */ = {isa = PBXBuildFile; fileRef = 6E9E2EFD2C662A8C00CE1D12 /* SwiftUIStackViewApp.swift */; };
		6E9E2F002C662A8C00CE1D12 /* ContentView.swift in Sources */ = {isa = PBXBuildFile; fileRef = 6E9E2EFF2C662A8C00CE1D12 /* ContentView.swift */; };
		6E9E2F022C662A8E00CE1D12 /* Assets.xcassets in Resources */ = {isa = PBXBuildFile; fileRef = 6E9E2F012C662A8E00CE1D12 /* Assets.xcassets */; };
		6E9E2F052C662A8E00CE1D12 /* Preview Assets.xcassets in Resources */ = {isa = PBXBuildFile; fileRef = 6E9E2F042C662A8E00CE1D12 /* Preview Assets.xcassets */; };
		6E9E2F0C2C66360100CE1D12 /* VSignupButtonsGroupView.swift in Sources */ = {isa = PBXBuildFile; fileRef = 6E9E2F0B2C66360100CE1D12 /* VSignupButtonsGroupView.swift */; };
		6E9E2F0E2C6636EF00CE1D12 /* HeaderView.swift in Sources */ = {isa = PBXBuildFile; fileRef = 6E9E2F0D2C6636EF00CE1D12 /* HeaderView.swift */; };
		6E9E2F102C66373900CE1D12 /* UsersGroupView.swift in Sources */ = {isa = PBXBuildFile; fileRef = 6E9E2F0F2C66373900CE1D12 /* UsersGroupView.swift */; };
		6E9E2F122C6662CE00CE1D12 /* HSignupButtonGroupView.swift in Sources */ = {isa = PBXBuildFile; fileRef = 6E9E2F112C6662CE00CE1D12 /* HSignupButtonGroupView.swift */; };
		6E9E2F142C6664F500CE1D12 /* ButtonView.swift in Sources */ = {isa = PBXBuildFile; fileRef = 6E9E2F132C6664F500CE1D12 /* ButtonView.swift */; };
		6E9E2F162C66668B00CE1D12 /* UserView.swift in Sources */ = {isa = PBXBuildFile; fileRef = 6E9E2F152C66668B00CE1D12 /* UserView.swift */; };
		6E9E2F272C66748600CE1D12 /* compact.png in Resources */ = {isa = PBXBuildFile; fileRef = 6E9E2F252C66748600CE1D12 /* compact.png */; };
		6E9E2F282C66748600CE1D12 /* regular.png in Resources */ = {isa = PBXBuildFile; fileRef = 6E9E2F262C66748600CE1D12 /* regular.png */; };
/* End PBXBuildFile section */

/* Begin PBXFileReference section */
		6E9E2EFA2C662A8C00CE1D12 /* SwiftUIStackView.app */ = {isa = PBXFileReference; explicitFileType = wrapper.application; includeInIndex = 0; path = SwiftUIStackView.app; sourceTree = BUILT_PRODUCTS_DIR; };
		6E9E2EFD2C662A8C00CE1D12 /* SwiftUIStackViewApp.swift */ = {isa = PBXFileReference; lastKnownFileType = sourcecode.swift; path = SwiftUIStackViewApp.swift; sourceTree = "<group>"; };
		6E9E2EFF2C662A8C00CE1D12 /* ContentView.swift */ = {isa = PBXFileReference; lastKnownFileType = sourcecode.swift; path = ContentView.swift; sourceTree = "<group>"; };
		6E9E2F012C662A8E00CE1D12 /* Assets.xcassets */ = {isa = PBXFileReference; lastKnownFileType = folder.assetcatalog; path = Assets.xcassets; sourceTree = "<group>"; };
		6E9E2F042C662A8E00CE1D12 /* Preview Assets.xcassets */ = {isa = PBXFileReference; lastKnownFileType = folder.assetcatalog; path = "Preview Assets.xcassets"; sourceTree = "<group>"; };
		6E9E2F0B2C66360100CE1D12 /* VSignupButtonsGroupView.swift */ = {isa = PBXFileReference; lastKnownFileType = sourcecode.swift; path = VSignupButtonsGroupView.swift; sourceTree = "<group>"; };
		6E9E2F0D2C6636EF00CE1D12 /* HeaderView.swift */ = {isa = PBXFileReference; lastKnownFileType = sourcecode.swift; path = HeaderView.swift; sourceTree = "<group>"; };
		6E9E2F0F2C66373900CE1D12 /* UsersGroupView.swift */ = {isa = PBXFileReference; lastKnownFileType = sourcecode.swift; path = UsersGroupView.swift; sourceTree = "<group>"; };
		6E9E2F112C6662CE00CE1D12 /* HSignupButtonGroupView.swift */ = {isa = PBXFileReference; lastKnownFileType = sourcecode.swift; path = HSignupButtonGroupView.swift; sourceTree = "<group>"; };
		6E9E2F132C6664F500CE1D12 /* ButtonView.swift */ = {isa = PBXFileReference; lastKnownFileType = sourcecode.swift; path = ButtonView.swift; sourceTree = "<group>"; };
		6E9E2F152C66668B00CE1D12 /* UserView.swift */ = {isa = PBXFileReference; lastKnownFileType = sourcecode.swift; path = UserView.swift; sourceTree = "<group>"; };
		6E9E2F1F2C66700900CE1D12 /* Readme.md */ = {isa = PBXFileReference; lastKnownFileType = net.daringfireball.markdown; path = Readme.md; sourceTree = "<group>"; };
		6E9E2F252C66748600CE1D12 /* compact.png */ = {isa = PBXFileReference; lastKnownFileType = image.png; path = compact.png; sourceTree = "<group>"; };
		6E9E2F262C66748600CE1D12 /* regular.png */ = {isa = PBXFileReference; lastKnownFileType = image.png; path = regular.png; sourceTree = "<group>"; };
/* End PBXFileReference section */

/* Begin PBXFrameworksBuildPhase section */
		6E9E2EF72C662A8C00CE1D12 /* Frameworks */ = {
			isa = PBXFrameworksBuildPhase;
			buildActionMask = 2147483647;
			files = (
			);
			runOnlyForDeploymentPostprocessing = 0;
		};
/* End PBXFrameworksBuildPhase section */

/* Begin PBXGroup section */
		6E9E2EF12C662A8C00CE1D12 = {
			isa = PBXGroup;
			children = (
				6E9E2F1F2C66700900CE1D12 /* Readme.md */,
				6E9E2EFC2C662A8C00CE1D12 /* SwiftUIStackView */,
				6E9E2EFB2C662A8C00CE1D12 /* Products */,
			);
			sourceTree = "<group>";
		};
		6E9E2EFB2C662A8C00CE1D12 /* Products */ = {
			isa = PBXGroup;
			children = (
				6E9E2EFA2C662A8C00CE1D12 /* SwiftUIStackView.app */,
			);
			name = Products;
			sourceTree = "<group>";
		};
		6E9E2EFC2C662A8C00CE1D12 /* SwiftUIStackView */ = {
			isa = PBXGroup;
			children = (
				6E9E2F242C66747200CE1D12 /* Screenshots */,
				6E9E2EFD2C662A8C00CE1D12 /* SwiftUIStackViewApp.swift */,
				6E9E2EFF2C662A8C00CE1D12 /* ContentView.swift */,
				6E9E2F0D2C6636EF00CE1D12 /* HeaderView.swift */,
				6E9E2F152C66668B00CE1D12 /* UserView.swift */,
				6E9E2F0F2C66373900CE1D12 /* UsersGroupView.swift */,
				6E9E2F132C6664F500CE1D12 /* ButtonView.swift */,
				6E9E2F0B2C66360100CE1D12 /* VSignupButtonsGroupView.swift */,
				6E9E2F112C6662CE00CE1D12 /* HSignupButtonGroupView.swift */,
				6E9E2F012C662A8E00CE1D12 /* Assets.xcassets */,
				6E9E2F032C662A8E00CE1D12 /* Preview Content */,
			);
			path = SwiftUIStackView;
			sourceTree = "<group>";
		};
		6E9E2F032C662A8E00CE1D12 /* Preview Content */ = {
			isa = PBXGroup;
			children = (
				6E9E2F042C662A8E00CE1D12 /* Preview Assets.xcassets */,
			);
			path = "Preview Content";
			sourceTree = "<group>";
		};
		6E9E2F242C66747200CE1D12 /* Screenshots */ = {
			isa = PBXGroup;
			children = (
				6E9E2F252C66748600CE1D12 /* compact.png */,
				6E9E2F262C66748600CE1D12 /* regular.png */,
			);
			path = Screenshots;
			sourceTree = "<group>";
		};
/* End PBXGroup section */

/* Begin PBXNativeTarget section */
		6E9E2EF92C662A8C00CE1D12 /* SwiftUIStackView */ = {
			isa = PBXNativeTarget;
			buildConfigurationList = 6E9E2F082C662A8E00CE1D12 /* Build configuration list for PBXNativeTarget "SwiftUIStackView" */;
			buildPhases = (
				6E9E2EF62C662A8C00CE1D12 /* Sources */,
				6E9E2EF72C662A8C00CE1D12 /* Frameworks */,
				6E9E2EF82C662A8C00CE1D12 /* Resources */,
			);
			buildRules = (
			);
			dependencies = (
			);
			name = SwiftUIStackView;
			productName = SwiftUIStackView;
			productReference = 6E9E2EFA2C662A8C00CE1D12 /* SwiftUIStackView.app */;
			productType = "com.apple.product-type.application";
		};
/* End PBXNativeTarget section */

/* Begin PBXProject section */
		6E9E2EF22C662A8C00CE1D12 /* Project object */ = {
			isa = PBXProject;
			attributes = {
				BuildIndependentTargetsInParallel = 1;
				LastSwiftUpdateCheck = 1540;
				LastUpgradeCheck = 1540;
				TargetAttributes = {
					6E9E2EF92C662A8C00CE1D12 = {
						CreatedOnToolsVersion = 15.4;
					};
				};
			};
			buildConfigurationList = 6E9E2EF52C662A8C00CE1D12 /* Build configuration list for PBXProject "SwiftUIStackView" */;
			compatibilityVersion = "Xcode 14.0";
			developmentRegion = en;
			hasScannedForEncodings = 0;
			knownRegions = (
				en,
				Base,
			);
			mainGroup = 6E9E2EF12C662A8C00CE1D12;
			productRefGroup = 6E9E2EFB2C662A8C00CE1D12 /* Products */;
			projectDirPath = "";
			projectRoot = "";
			targets = (
				6E9E2EF92C662A8C00CE1D12 /* SwiftUIStackView */,
			);
		};
/* End PBXProject section */

/* Begin PBXResourcesBuildPhase section */
		6E9E2EF82C662A8C00CE1D12 /* Resources */ = {
			isa = PBXResourcesBuildPhase;
			buildActionMask = 2147483647;
			files = (
				6E9E2F282C66748600CE1D12 /* regular.png in Resources */,
				6E9E2F052C662A8E00CE1D12 /* Preview Assets.xcassets in Resources */,
				6E9E2F272C66748600CE1D12 /* compact.png in Resources */,
				6E9E2F022C662A8E00CE1D12 /* Assets.xcassets in Resources */,
			);
			runOnlyForDeploymentPostprocessing = 0;
		};
/* End PBXResourcesBuildPhase section */

/* Begin PBXSourcesBuildPhase section */
		6E9E2EF62C662A8C00CE1D12 /* Sources */ = {
			isa = PBXSourcesBuildPhase;
			buildActionMask = 2147483647;
			files = (
				6E9E2F102C66373900CE1D12 /* UsersGroupView.swift in Sources */,
				6E9E2F0C2C66360100CE1D12 /* VSignupButtonsGroupView.swift in Sources */,
				6E9E2F002C662A8C00CE1D12 /* ContentView.swift in Sources */,
				6E9E2F162C66668B00CE1D12 /* UserView.swift in Sources */,
				6E9E2F122C6662CE00CE1D12 /* HSignupButtonGroupView.swift in Sources */,
				6E9E2EFE2C662A8C00CE1D12 /* SwiftUIStackViewApp.swift in Sources */,
				6E9E2F0E2C6636EF00CE1D12 /* HeaderView.swift in Sources */,
				6E9E2F142C6664F500CE1D12 /* ButtonView.swift in Sources */,
			);
			runOnlyForDeploymentPostprocessing = 0;
		};
/* End PBXSourcesBuildPhase section */

/* Begin XCBuildConfiguration section */
		6E9E2F062C662A8E00CE1D12 /* Debug */ = {
			isa = XCBuildConfiguration;
			buildSettings = {
				ALWAYS_SEARCH_USER_PATHS = NO;
				ASSETCATALOG_COMPILER_GENERATE_SWIFT_ASSET_SYMBOL_EXTENSIONS = YES;
				CLANG_ANALYZER_NONNULL = YES;
				CLANG_ANALYZER_NUMBER_OBJECT_CONVERSION = YES_AGGRESSIVE;
				CLANG_CXX_LANGUAGE_STANDARD = "gnu++20";
				CLANG_ENABLE_MODULES = YES;
				CLANG_ENABLE_OBJC_ARC = YES;
				CLANG_ENABLE_OBJC_WEAK = YES;
				CLANG_WARN_BLOCK_CAPTURE_AUTORELEASING = YES;
				CLANG_WARN_BOOL_CONVERSION = YES;
				CLANG_WARN_COMMA = YES;
				CLANG_WARN_CONSTANT_CONVERSION = YES;
				CLANG_WARN_DEPRECATED_OBJC_IMPLEMENTATIONS = YES;
				CLANG_WARN_DIRECT_OBJC_ISA_USAGE = YES_ERROR;
				CLANG_WARN_DOCUMENTATION_COMMENTS = YES;
				CLANG_WARN_EMPTY_BODY = YES;
				CLANG_WARN_ENUM_CONVERSION = YES;
				CLANG_WARN_INFINITE_RECURSION = YES;
				CLANG_WARN_INT_CONVERSION = YES;
				CLANG_WARN_NON_LITERAL_NULL_CONVERSION = YES;
				CLANG_WARN_OBJC_IMPLICIT_RETAIN_SELF = YES;
				CLANG_WARN_OBJC_LITERAL_CONVERSION = YES;
				CLANG_WARN_OBJC_ROOT_CLASS = YES_ERROR;
				CLANG_WARN_QUOTED_INCLUDE_IN_FRAMEWORK_HEADER = YES;
				CLANG_WARN_RANGE_LOOP_ANALYSIS = YES;
				CLANG_WARN_STRICT_PROTOTYPES = YES;
				CLANG_WARN_SUSPICIOUS_MOVE = YES;
				CLANG_WARN_UNGUARDED_AVAILABILITY = YES_AGGRESSIVE;
				CLANG_WARN_UNREACHABLE_CODE = YES;
				CLANG_WARN__DUPLICATE_METHOD_MATCH = YES;
				COPY_PHASE_STRIP = NO;
				DEBUG_INFORMATION_FORMAT = dwarf;
				ENABLE_STRICT_OBJC_MSGSEND = YES;
				ENABLE_TESTABILITY = YES;
				ENABLE_USER_SCRIPT_SANDBOXING = YES;
				GCC_C_LANGUAGE_STANDARD = gnu17;
				GCC_DYNAMIC_NO_PIC = NO;
				GCC_NO_COMMON_BLOCKS = YES;
				GCC_OPTIMIZATION_LEVEL = 0;
				GCC_PREPROCESSOR_DEFINITIONS = (
					"DEBUG=1",
					"$(inherited)",
				);
				GCC_WARN_64_TO_32_BIT_CONVERSION = YES;
				GCC_WARN_ABOUT_RETURN_TYPE = YES_ERROR;
				GCC_WARN_UNDECLARED_SELECTOR = YES;
				GCC_WARN_UNINITIALIZED_AUTOS = YES_AGGRESSIVE;
				GCC_WARN_UNUSED_FUNCTION = YES;
				GCC_WARN_UNUSED_VARIABLE = YES;
				IPHONEOS_DEPLOYMENT_TARGET = 17.5;
				LOCALIZATION_PREFERS_STRING_CATALOGS = YES;
				MTL_ENABLE_DEBUG_INFO = INCLUDE_SOURCE;
				MTL_FAST_MATH = YES;
				ONLY_ACTIVE_ARCH = YES;
				SDKROOT = iphoneos;
				SWIFT_ACTIVE_COMPILATION_CONDITIONS = "DEBUG $(inherited)";
				SWIFT_OPTIMIZATION_LEVEL = "-Onone";
			};
			name = Debug;
		};
		6E9E2F072C662A8E00CE1D12 /* Release */ = {
			isa = XCBuildConfiguration;
			buildSettings = {
				ALWAYS_SEARCH_USER_PATHS = NO;
				ASSETCATALOG_COMPILER_GENERATE_SWIFT_ASSET_SYMBOL_EXTENSIONS = YES;
				CLANG_ANALYZER_NONNULL = YES;
				CLANG_ANALYZER_NUMBER_OBJECT_CONVERSION = YES_AGGRESSIVE;
				CLANG_CXX_LANGUAGE_STANDARD = "gnu++20";
				CLANG_ENABLE_MODULES = YES;
				CLANG_ENABLE_OBJC_ARC = YES;
				CLANG_ENABLE_OBJC_WEAK = YES;
				CLANG_WARN_BLOCK_CAPTURE_AUTORELEASING = YES;
				CLANG_WARN_BOOL_CONVERSION = YES;
				CLANG_WARN_COMMA = YES;
				CLANG_WARN_CONSTANT_CONVERSION = YES;
				CLANG_WARN_DEPRECATED_OBJC_IMPLEMENTATIONS = YES;
				CLANG_WARN_DIRECT_OBJC_ISA_USAGE = YES_ERROR;
				CLANG_WARN_DOCUMENTATION_COMMENTS = YES;
				CLANG_WARN_EMPTY_BODY = YES;
				CLANG_WARN_ENUM_CONVERSION = YES;
				CLANG_WARN_INFINITE_RECURSION = YES;
				CLANG_WARN_INT_CONVERSION = YES;
				CLANG_WARN_NON_LITERAL_NULL_CONVERSION = YES;
				CLANG_WARN_OBJC_IMPLICIT_RETAIN_SELF = YES;
				CLANG_WARN_OBJC_LITERAL_CONVERSION = YES;
				CLANG_WARN_OBJC_ROOT_CLASS = YES_ERROR;
				CLANG_WARN_QUOTED_INCLUDE_IN_FRAMEWORK_HEADER = YES;
				CLANG_WARN_RANGE_LOOP_ANALYSIS = YES;
				CLANG_WARN_STRICT_PROTOTYPES = YES;
				CLANG_WARN_SUSPICIOUS_MOVE = YES;
				CLANG_WARN_UNGUARDED_AVAILABILITY = YES_AGGRESSIVE;
				CLANG_WARN_UNREACHABLE_CODE = YES;
				CLANG_WARN__DUPLICATE_METHOD_MATCH = YES;
				COPY_PHASE_STRIP = NO;
				DEBUG_INFORMATION_FORMAT = "dwarf-with-dsym";
				ENABLE_NS_ASSERTIONS = NO;
				ENABLE_STRICT_OBJC_MSGSEND = YES;
				ENABLE_USER_SCRIPT_SANDBOXING = YES;
				GCC_C_LANGUAGE_STANDARD = gnu17;
				GCC_NO_COMMON_BLOCKS = YES;
				GCC_WARN_64_TO_32_BIT_CONVERSION = YES;
				GCC_WARN_ABOUT_RETURN_TYPE = YES_ERROR;
				GCC_WARN_UNDECLARED_SELECTOR = YES;
				GCC_WARN_UNINITIALIZED_AUTOS = YES_AGGRESSIVE;
				GCC_WARN_UNUSED_FUNCTION = YES;
				GCC_WARN_UNUSED_VARIABLE = YES;
				IPHONEOS_DEPLOYMENT_TARGET = 17.5;
				LOCALIZATION_PREFERS_STRING_CATALOGS = YES;
				MTL_ENABLE_DEBUG_INFO = NO;
				MTL_FAST_MATH = YES;
				SDKROOT = iphoneos;
				SWIFT_COMPILATION_MODE = wholemodule;
				VALIDATE_PRODUCT = YES;
			};
			name = Release;
		};
		6E9E2F092C662A8E00CE1D12 /* Debug */ = {
			isa = XCBuildConfiguration;
			buildSettings = {
				ASSETCATALOG_COMPILER_APPICON_NAME = AppIcon;
				ASSETCATALOG_COMPILER_GLOBAL_ACCENT_COLOR_NAME = AccentColor;
				CODE_SIGN_STYLE = Automatic;
				CURRENT_PROJECT_VERSION = 1;
				DEVELOPMENT_ASSET_PATHS = "\"SwiftUIStackView/Preview Content\"";
				DEVELOPMENT_TEAM = DY2J3SUBST;
				ENABLE_PREVIEWS = YES;
				GENERATE_INFOPLIST_FILE = YES;
				INFOPLIST_KEY_UIApplicationSceneManifest_Generation = YES;
				INFOPLIST_KEY_UIApplicationSupportsIndirectInputEvents = YES;
				INFOPLIST_KEY_UILaunchScreen_Generation = YES;
				INFOPLIST_KEY_UISupportedInterfaceOrientations_iPad = "UIInterfaceOrientationPortrait UIInterfaceOrientationPortraitUpsideDown UIInterfaceOrientationLandscapeLeft UIInterfaceOrientationLandscapeRight";
				INFOPLIST_KEY_UISupportedInterfaceOrientations_iPhone = "UIInterfaceOrientationPortrait UIInterfaceOrientationLandscapeLeft UIInterfaceOrientationLandscapeRight";
				LD_RUNPATH_SEARCH_PATHS = (
					"$(inherited)",
					"@executable_path/Frameworks",
				);
				MARKETING_VERSION = 1.0;
				PRODUCT_BUNDLE_IDENTIFIER = home.personal.SwiftUIStackView;
				PRODUCT_NAME = "$(TARGET_NAME)";
				SWIFT_EMIT_LOC_STRINGS = YES;
				SWIFT_VERSION = 5.0;
				TARGETED_DEVICE_FAMILY = "1,2";
			};
			name = Debug;
		};
		6E9E2F0A2C662A8E00CE1D12 /* Release */ = {
			isa = XCBuildConfiguration;
			buildSettings = {
				ASSETCATALOG_COMPILER_APPICON_NAME = AppIcon;
				ASSETCATALOG_COMPILER_GLOBAL_ACCENT_COLOR_NAME = AccentColor;
				CODE_SIGN_STYLE = Automatic;
				CURRENT_PROJECT_VERSION = 1;
				DEVELOPMENT_ASSET_PATHS = "\"SwiftUIStackView/Preview Content\"";
				DEVELOPMENT_TEAM = DY2J3SUBST;
				ENABLE_PREVIEWS = YES;
				GENERATE_INFOPLIST_FILE = YES;
				INFOPLIST_KEY_UIApplicationSceneManifest_Generation = YES;
				INFOPLIST_KEY_UIApplicationSupportsIndirectInputEvents = YES;
				INFOPLIST_KEY_UILaunchScreen_Generation = YES;
				INFOPLIST_KEY_UISupportedInterfaceOrientations_iPad = "UIInterfaceOrientationPortrait UIInterfaceOrientationPortraitUpsideDown UIInterfaceOrientationLandscapeLeft UIInterfaceOrientationLandscapeRight";
				INFOPLIST_KEY_UISupportedInterfaceOrientations_iPhone = "UIInterfaceOrientationPortrait UIInterfaceOrientationLandscapeLeft UIInterfaceOrientationLandscapeRight";
				LD_RUNPATH_SEARCH_PATHS = (
					"$(inherited)",
					"@executable_path/Frameworks",
				);
				MARKETING_VERSION = 1.0;
				PRODUCT_BUNDLE_IDENTIFIER = home.personal.SwiftUIStackView;
				PRODUCT_NAME = "$(TARGET_NAME)";
				SWIFT_EMIT_LOC_STRINGS = YES;
				SWIFT_VERSION = 5.0;
				TARGETED_DEVICE_FAMILY = "1,2";
			};
			name = Release;
		};
/* End XCBuildConfiguration section */

/* Begin XCConfigurationList section */
		6E9E2EF52C662A8C00CE1D12 /* Build configuration list for PBXProject "SwiftUIStackView" */ = {
			isa = XCConfigurationList;
			buildConfigurations = (
				6E9E2F062C662A8E00CE1D12 /* Debug */,
				6E9E2F072C662A8E00CE1D12 /* Release */,
			);
			defaultConfigurationIsVisible = 0;
			defaultConfigurationName = Release;
		};
		6E9E2F082C662A8E00CE1D12 /* Build configuration list for PBXNativeTarget "SwiftUIStackView" */ = {
			isa = XCConfigurationList;
			buildConfigurations = (
				6E9E2F092C662A8E00CE1D12 /* Debug */,
				6E9E2F0A2C662A8E00CE1D12 /* Release */,
			);
			defaultConfigurationIsVisible = 0;
			defaultConfigurationName = Release;
		};
/* End XCConfigurationList section */
	};
	rootObject = 6E9E2EF22C662A8C00CE1D12 /* Project object */;
}
